// !$*UTF8*$!
{
	archiveVersion = 1;
	classes = {
	};
	objectVersion = 46;
	objects = {

/* Begin PBXBuildFile section */
		12C050A31CFC628300D67195 /* AppDelegate.swift in Sources */ = {isa = PBXBuildFile; fileRef = 12C050A21CFC628300D67195 /* AppDelegate.swift */; };
		12C050A51CFC628300D67195 /* ViewController.swift in Sources */ = {isa = PBXBuildFile; fileRef = 12C050A41CFC628300D67195 /* ViewController.swift */; };
		12C050A81CFC628300D67195 /* Main.storyboard in Resources */ = {isa = PBXBuildFile; fileRef = 12C050A61CFC628300D67195 /* Main.storyboard */; };
		12C050AA1CFC628300D67195 /* Assets.xcassets in Resources */ = {isa = PBXBuildFile; fileRef = 12C050A91CFC628300D67195 /* Assets.xcassets */; };
		12C050AD1CFC628300D67195 /* LaunchScreen.storyboard in Resources */ = {isa = PBXBuildFile; fileRef = 12C050AB1CFC628300D67195 /* LaunchScreen.storyboard */; };
/* End PBXBuildFile section */

/* Begin PBXFileReference section */
		12C0509F1CFC628300D67195 /* GetGHRepo.app */ = {isa = PBXFileReference; explicitFileType = wrapper.application; includeInIndex = 0; path = GetGHRepo.app; sourceTree = BUILT_PRODUCTS_DIR; };
		12C050A21CFC628300D67195 /* AppDelegate.swift */ = {isa = PBXFileReference; lastKnownFileType = sourcecode.swift; path = AppDelegate.swift; sourceTree = "<group>"; };
		12C050A41CFC628300D67195 /* ViewController.swift */ = {isa = PBXFileReference; lastKnownFileType = sourcecode.swift; path = ViewController.swift; sourceTree = "<group>"; };
		12C050A71CFC628300D67195 /* Base */ = {isa = PBXFileReference; lastKnownFileType = file.storyboard; name = Base; path = Base.lproj/Main.storyboard; sourceTree = "<group>"; };
		12C050A91CFC628300D67195 /* Assets.xcassets */ = {isa = PBXFileReference; lastKnownFileType = folder.assetcatalog; path = Assets.xcassets; sourceTree = "<group>"; };
		12C050AC1CFC628300D67195 /* Base */ = {isa = PBXFileReference; lastKnownFileType = file.storyboard; name = Base; path = Base.lproj/LaunchScreen.storyboard; sourceTree = "<group>"; };
		12C050AE1CFC628300D67195 /* Info.plist */ = {isa = PBXFileReference; lastKnownFileType = text.plist.xml; path = Info.plist; sourceTree = "<group>"; };
/* End PBXFileReference section */

/* Begin PBXFrameworksBuildPhase section */
		12C0509C1CFC628300D67195 /* Frameworks */ = {
			isa = PBXFrameworksBuildPhase;
			buildActionMask = 2147483647;
			files = (
			);
			runOnlyForDeploymentPostprocessing = 0;
		};
/* End PBXFrameworksBuildPhase section */

/* Begin PBXGroup section */
		12C050961CFC628300D67195 = {
			isa = PBXGroup;
			children = (
				12C050A11CFC628300D67195 /* GetGHRepo */,
				12C050A01CFC628300D67195 /* Products */,
			);
			sourceTree = "<group>";
		};
		12C050A01CFC628300D67195 /* Products */ = {
			isa = PBXGroup;
			children = (
				12C0509F1CFC628300D67195 /* GetGHRepo.app */,
			);
			name = Products;
			sourceTree = "<group>";
		};
		12C050A11CFC628300D67195 /* GetGHRepo */ = {
			isa = PBXGroup;
			children = (
				12C050A21CFC628300D67195 /* AppDelegate.swift */,
				12C050A41CFC628300D67195 /* ViewController.swift */,
				12C050A61CFC628300D67195 /* Main.storyboard */,
				12C050A91CFC628300D67195 /* Assets.xcassets */,
				12C050AB1CFC628300D67195 /* LaunchScreen.storyboard */,
				12C050AE1CFC628300D67195 /* Info.plist */,
			);
			path = GetGHRepo;
			sourceTree = "<group>";
		};
/* End PBXGroup section */

/* Begin PBXNativeTarget section */
		12C0509E1CFC628300D67195 /* GetGHRepo */ = {
			isa = PBXNativeTarget;
			buildConfigurationList = 12C050B11CFC628300D67195 /* Build configuration list for PBXNativeTarget "GetGHRepo" */;
			buildPhases = (
				12C0509B1CFC628300D67195 /* Sources */,
				12C0509C1CFC628300D67195 /* Frameworks */,
				12C0509D1CFC628300D67195 /* Resources */,
			);
			buildRules = (
			);
			dependencies = (
			);
			name = GetGHRepo;
			productName = GetGHRepo;
			productReference = 12C0509F1CFC628300D67195 /* GetGHRepo.app */;
			productType = "com.apple.product-type.application";
		};
/* End PBXNativeTarget section */

/* Begin PBXProject section */
		12C050971CFC628300D67195 /* Project object */ = {
			isa = PBXProject;
			attributes = {
				LastSwiftUpdateCheck = 0730;
				LastUpgradeCheck = 0730;
				ORGANIZATIONNAME = achan;
				TargetAttributes = {
					12C0509E1CFC628300D67195 = {
						CreatedOnToolsVersion = 7.3;
						DevelopmentTeam = 97UGX6UGF3;
					};
				};
			};
			buildConfigurationList = 12C0509A1CFC628300D67195 /* Build configuration list for PBXProject "GetGHRepo" */;
			compatibilityVersion = "Xcode 3.2";
			developmentRegion = English;
			hasScannedForEncodings = 0;
			knownRegions = (
				en,
				Base,
			);
			mainGroup = 12C050961CFC628300D67195;
			productRefGroup = 12C050A01CFC628300D67195 /* Products */;
			projectDirPath = "";
			projectRoot = "";
			targets = (
				12C0509E1CFC628300D67195 /* GetGHRepo */,
			);
		};
/* End PBXProject section */

/* Begin PBXResourcesBuildPhase section */
		12C0509D1CFC628300D67195 /* Resources */ = {
			isa = PBXResourcesBuildPhase;
			buildActionMask = 2147483647;
			files = (
				12C050AD1CFC628300D67195 /* LaunchScreen.storyboard in Resources */,
				12C050AA1CFC628300D67195 /* Assets.xcassets in Resources */,
				12C050A81CFC628300D67195 /* Main.storyboard in Resources */,
			);
			runOnlyForDeploymentPostprocessing = 0;
		};
/* End PBXResourcesBuildPhase section */

/* Begin PBXSourcesBuildPhase section */
		12C0509B1CFC628300D67195 /* Sources */ = {
			isa = PBXSourcesBuildPhase;
			buildActionMask = 2147483647;
			files = (
				12C050A51CFC628300D67195 /* ViewController.swift in Sources */,
				12C050A31CFC628300D67195 /* AppDelegate.swift in Sources */,
			);
			runOnlyForDeploymentPostprocessing = 0;
		};
/* End PBXSourcesBuildPhase section */

/* Begin PBXVariantGroup section */
		12C050A61CFC628300D67195 /* Main.storyboard */ = {
			isa = PBXVariantGroup;
			children = (
				12C050A71CFC628300D67195 /* Base */,
			);
			name = Main.storyboard;
			sourceTree = "<group>";
		};
		12C050AB1CFC628300D67195 /* LaunchScreen.storyboard */ = {
			isa = PBXVariantGroup;
			children = (
				12C050AC1CFC628300D67195 /* Base */,
			);
			name = LaunchScreen.storyboard;
			sourceTree = "<group>";
		};
/* End PBXVariantGroup section */

/* Begin XCBuildConfiguration section */
		12C050AF1CFC628300D67195 /* Debug */ = {
			isa = XCBuildConfiguration;
			buildSettings = {
				ALWAYS_SEARCH_USER_PATHS = NO;
				CLANG_ANALYZER_NONNULL = YES;
				CLANG_CXX_LANGUAGE_STANDARD = "gnu++0x";
				CLANG_CXX_LIBRARY = "libc++";
				CLANG_ENABLE_MODULES = YES;
				CLANG_ENABLE_OBJC_ARC = YES;
				CLANG_WARN_BOOL_CONVERSION = YES;
				CLANG_WARN_CONSTANT_CONVERSION = YES;
				CLANG_WARN_DIRECT_OBJC_ISA_USAGE = YES_ERROR;
				CLANG_WARN_EMPTY_BODY = YES;
				CLANG_WARN_ENUM_CONVERSION = YES;
				CLANG_WARN_INT_CONVERSION = YES;
				CLANG_WARN_OBJC_ROOT_CLASS = YES_ERROR;
				CLANG_WARN_UNREACHABLE_CODE = YES;
				CLANG_WARN__DUPLICATE_METHOD_MATCH = YES;
				"CODE_SIGN_IDENTITY[sdk=iphoneos*]" = "iPhone Developer";
				COPY_PHASE_STRIP = NO;
				DEBUG_INFORMATION_FORMAT = dwarf;
				ENABLE_STRICT_OBJC_MSGSEND = YES;
				ENABLE_TESTABILITY = YES;
				GCC_C_LANGUAGE_STANDARD = gnu99;
				GCC_DYNAMIC_NO_PIC = NO;
				GCC_NO_COMMON_BLOCKS = YES;
				GCC_OPTIMIZATION_LEVEL = 0;
				GCC_PREPROCESSOR_DEFINITIONS = (
					"DEBUG=1",
					"$(inherited)",
				);
				GCC_WARN_64_TO_32_BIT_CONVERSION = YES;
				GCC_WARN_ABOUT_RETURN_TYPE = YES_ERROR;
				GCC_WARN_UNDECLARED_SELECTOR = YES;
				GCC_WARN_UNINITIALIZED_AUTOS = YES_AGGRESSIVE;
				GCC_WARN_UNUSED_FUNCTION = YES;
				GCC_WARN_UNUSED_VARIABLE = YES;
				IPHONEOS_DEPLOYMENT_TARGET = 9.3;
				MTL_ENABLE_DEBUG_INFO = YES;
				ONLY_ACTIVE_ARCH = YES;
				SDKROOT = iphoneos;
				SWIFT_OPTIMIZATION_LEVEL = "-Onone";
				TARGETED_DEVICE_FAMILY = "1,2";
			};
			name = Debug;
		};
		12C050B01CFC628300D67195 /* Release */ = {
			isa = XCBuildConfiguration;
			buildSettings = {
				ALWAYS_SEARCH_USER_PATHS = NO;
				CLANG_ANALYZER_NONNULL = YES;
				CLANG_CXX_LANGUAGE_STANDARD = "gnu++0x";
				CLANG_CXX_LIBRARY = "libc++";
				CLANG_ENABLE_MODULES = YES;
				CLANG_ENABLE_OBJC_ARC = YES;
				CLANG_WARN_BOOL_CONVERSION = YES;
				CLANG_WARN_CONSTANT_CONVERSION = YES;
				CLANG_WARN_DIRECT_OBJC_ISA_USAGE = YES_ERROR;
				CLANG_WARN_EMPTY_BODY = YES;
				CLANG_WARN_ENUM_CONVERSION = YES;
				CLANG_WARN_INT_CONVERSION = YES;
				CLANG_WARN_OBJC_ROOT_CLASS = YES_ERROR;
				CLANG_WARN_UNREACHABLE_CODE = YES;
				CLANG_WARN__DUPLICATE_METHOD_MATCH = YES;
				"CODE_SIGN_IDENTITY[sdk=iphoneos*]" = "iPhone Developer";
				COPY_PHASE_STRIP = NO;
				DEBUG_INFORMATION_FORMAT = "dwarf-with-dsym";
				ENABLE_NS_ASSERTIONS = NO;
				ENABLE_STRICT_OBJC_MSGSEND = YES;
				GCC_C_LANGUAGE_STANDARD = gnu99;
				GCC_NO_COMMON_BLOCKS = YES;
				GCC_WARN_64_TO_32_BIT_CONVERSION = YES;
				GCC_WARN_ABOUT_RETURN_TYPE = YES_ERROR;
				GCC_WARN_UNDECLARED_SELECTOR = YES;
				GCC_WARN_UNINITIALIZED_AUTOS = YES_AGGRESSIVE;
				GCC_WARN_UNUSED_FUNCTION = YES;
				GCC_WARN_UNUSED_VARIABLE = YES;
				IPHONEOS_DEPLOYMENT_TARGET = 9.3;
				MTL_ENABLE_DEBUG_INFO = NO;
				SDKROOT = iphoneos;
				TARGETED_DEVICE_FAMILY = "1,2";
				VALIDATE_PRODUCT = YES;
			};
			name = Release;
		};
		12C050B21CFC628300D67195 /* Debug */ = {
			isa = XCBuildConfiguration;
			buildSettings = {
				ASSETCATALOG_COMPILER_APPICON_NAME = AppIcon;
				INFOPLIST_FILE = GetGHRepo/Info.plist;
				LD_RUNPATH_SEARCH_PATHS = "$(inherited) @executable_path/Frameworks";
				PRODUCT_BUNDLE_IDENTIFIER = me.achan.GetGHRepo;
				PRODUCT_NAME = "$(TARGET_NAME)";
			};
			name = Debug;
		};
		12C050B31CFC628300D67195 /* Release */ = {
			isa = XCBuildConfiguration;
			buildSettings = {
				ASSETCATALOG_COMPILER_APPICON_NAME = AppIcon;
				INFOPLIST_FILE = GetGHRepo/Info.plist;
				LD_RUNPATH_SEARCH_PATHS = "$(inherited) @executable_path/Frameworks";
				PRODUCT_BUNDLE_IDENTIFIER = me.achan.GetGHRepo;
				PRODUCT_NAME = "$(TARGET_NAME)";
			};
			name = Release;
		};
/* End XCBuildConfiguration section */

/* Begin XCConfigurationList section */
		12C0509A1CFC628300D67195 /* Build configuration list for PBXProject "GetGHRepo" */ = {
			isa = XCConfigurationList;
			buildConfigurations = (
				12C050AF1CFC628300D67195 /* Debug */,
				12C050B01CFC628300D67195 /* Release */,
			);
			defaultConfigurationIsVisible = 0;
			defaultConfigurationName = Release;
		};
		12C050B11CFC628300D67195 /* Build configuration list for PBXNativeTarget "GetGHRepo" */ = {
			isa = XCConfigurationList;
			buildConfigurations = (
				12C050B21CFC628300D67195 /* Debug */,
				12C050B31CFC628300D67195 /* Release */,
			);
			defaultConfigurationIsVisible = 0;
		};
/* End XCConfigurationList section */
	};
	rootObject = 12C050971CFC628300D67195 /* Project object */;
}
